
Microsoft Visual Studio Solution File, Format Version 12.00
Project("{FAE04EC0-301F-11D3-BF4B-00C04F79EFBC}") = "Server", "Server\Server.csproj", "{659AF6E5-9F2B-43C0-8BCC-2DDD7BF62A03}"
EndProject
Project("{FAE04EC0-301F-11D3-BF4B-00C04F79EFBC}") = "ServerCore", "ServerCore\ServerCore.csproj", "{93544890-2CCC-46EA-BB5F-95F3D22411A6}"
EndProject
Project("{FAE04EC0-301F-11D3-BF4B-00C04F79EFBC}") = "DummyClient", "DummyClient\DummyClient.csproj", "{5D2DEF68-8A8D-499D-98A7-0FF9A001F904}"
EndProject
Project("{FAE04EC0-301F-11D3-BF4B-00C04F79EFBC}") = "Test", "Test\Test.csproj", "{8CFD23D0-EB9B-4D1F-B8CE-C4EC253770E9}"
EndProject
Project("{2150E333-8FDC-42A3-9474-1A3956D46DE8}") = "Tools", "Tools", "{5E7B904A-ADAA-4F6A-87AD-CA155ECA8483}"
EndProject
Project("{FAE04EC0-301F-11D3-BF4B-00C04F79EFBC}") = "PacketGenerator", "PacketGenerator\PacketGenerator.csproj", "{47BAF60D-644D-4166-9C1B-9E8D06835EB2}"
EndProject
Global
	GlobalSection(SolutionConfigurationPlatforms) = preSolution
		Debug|Any CPU = Debug|Any CPU
		Release|Any CPU = Release|Any CPU
	EndGlobalSection
	GlobalSection(ProjectConfigurationPlatforms) = postSolution
		{659AF6E5-9F2B-43C0-8BCC-2DDD7BF62A03}.Debug|Any CPU.ActiveCfg = Debug|Any CPU
		{659AF6E5-9F2B-43C0-8BCC-2DDD7BF62A03}.Debug|Any CPU.Build.0 = Debug|Any CPU
		{659AF6E5-9F2B-43C0-8BCC-2DDD7BF62A03}.Release|Any CPU.ActiveCfg = Release|Any CPU
		{659AF6E5-9F2B-43C0-8BCC-2DDD7BF62A03}.Release|Any CPU.Build.0 = Release|Any CPU
		{93544890-2CCC-46EA-BB5F-95F3D22411A6}.Debug|Any CPU.ActiveCfg = Debug|Any CPU
		{93544890-2CCC-46EA-BB5F-95F3D22411A6}.Debug|Any CPU.Build.0 = Debug|Any CPU
		{93544890-2CCC-46EA-BB5F-95F3D22411A6}.Release|Any CPU.ActiveCfg = Release|Any CPU
		{93544890-2CCC-46EA-BB5F-95F3D22411A6}.Release|Any CPU.Build.0 = Release|Any CPU
		{5D2DEF68-8A8D-499D-98A7-0FF9A001F904}.Debug|Any CPU.ActiveCfg = Debug|Any CPU
		{5D2DEF68-8A8D-499D-98A7-0FF9A001F904}.Debug|Any CPU.Build.0 = Debug|Any CPU
		{5D2DEF68-8A8D-499D-98A7-0FF9A001F904}.Release|Any CPU.ActiveCfg = Release|Any CPU
		{5D2DEF68-8A8D-499D-98A7-0FF9A001F904}.Release|Any CPU.Build.0 = Release|Any CPU
		{8CFD23D0-EB9B-4D1F-B8CE-C4EC253770E9}.Debug|Any CPU.ActiveCfg = Debug|Any CPU
		{8CFD23D0-EB9B-4D1F-B8CE-C4EC253770E9}.Debug|Any CPU.Build.0 = Debug|Any CPU
		{8CFD23D0-EB9B-4D1F-B8CE-C4EC253770E9}.Release|Any CPU.ActiveCfg = Release|Any CPU
		{8CFD23D0-EB9B-4D1F-B8CE-C4EC253770E9}.Release|Any CPU.Build.0 = Release|Any CPU
		{47BAF60D-644D-4166-9C1B-9E8D06835EB2}.Debug|Any CPU.ActiveCfg = Debug|Any CPU
		{47BAF60D-644D-4166-9C1B-9E8D06835EB2}.Debug|Any CPU.Build.0 = Debug|Any CPU
		{47BAF60D-644D-4166-9C1B-9E8D06835EB2}.Release|Any CPU.ActiveCfg = Release|Any CPU
		{47BAF60D-644D-4166-9C1B-9E8D06835EB2}.Release|Any CPU.Build.0 = Release|Any CPU
	EndGlobalSection
	GlobalSection(NestedProjects) = preSolution
		{47BAF60D-644D-4166-9C1B-9E8D06835EB2} = {5E7B904A-ADAA-4F6A-87AD-CA155ECA8483}
	EndGlobalSection
EndGlobal
